// !$*UTF8*$!
{
	archiveVersion = 1;
	classes = {
	};
	objectVersion = 46;
	objects = {

/* Begin PBXBuildFile section */
		C47566621BDD8D85004BC9AE /* wrapsock.c in Sources */ = {isa = PBXBuildFile; fileRef = C475665F1BDD8D85004BC9AE /* wrapsock.c */; };
		C47566631BDD8D85004BC9AE /* wrapunix.c in Sources */ = {isa = PBXBuildFile; fileRef = C47566601BDD8D85004BC9AE /* wrapunix.c */; };
		C47566651BDD8E33004BC9AE /* error.c in Sources */ = {isa = PBXBuildFile; fileRef = C47566641BDD8E33004BC9AE /* error.c */; };
		C47566671BDD8E53004BC9AE /* written.c in Sources */ = {isa = PBXBuildFile; fileRef = C47566661BDD8E53004BC9AE /* written.c */; };
		C4B9CEF31BDD7CBB00938913 /* main.c in Sources */ = {isa = PBXBuildFile; fileRef = C4B9CEF21BDD7CBB00938913 /* main.c */; };
/* End PBXBuildFile section */

/* Begin PBXCopyFilesBuildPhase section */
		C4B9CEED1BDD7CBB00938913 /* CopyFiles */ = {
			isa = PBXCopyFilesBuildPhase;
			buildActionMask = 2147483647;
			dstPath = /usr/share/man/man1/;
			dstSubfolderSpec = 0;
			files = (
			);
			runOnlyForDeploymentPostprocessing = 1;
		};
/* End PBXCopyFilesBuildPhase section */

/* Begin PBXFileReference section */
		C475665E1BDD8D85004BC9AE /* unp.h */ = {isa = PBXFileReference; fileEncoding = 4; lastKnownFileType = sourcecode.c.h; path = unp.h; sourceTree = "<group>"; };
		C475665F1BDD8D85004BC9AE /* wrapsock.c */ = {isa = PBXFileReference; fileEncoding = 4; lastKnownFileType = sourcecode.c.c; path = wrapsock.c; sourceTree = "<group>"; };
		C47566601BDD8D85004BC9AE /* wrapunix.c */ = {isa = PBXFileReference; fileEncoding = 4; lastKnownFileType = sourcecode.c.c; path = wrapunix.c; sourceTree = "<group>"; };
		C47566641BDD8E33004BC9AE /* error.c */ = {isa = PBXFileReference; fileEncoding = 4; lastKnownFileType = sourcecode.c.c; path = error.c; sourceTree = "<group>"; };
		C47566661BDD8E53004BC9AE /* written.c */ = {isa = PBXFileReference; fileEncoding = 4; lastKnownFileType = sourcecode.c.c; path = written.c; sourceTree = "<group>"; };
		C4B9CEEF1BDD7CBB00938913 /* homework1 */ = {isa = PBXFileReference; explicitFileType = "compiled.mach-o.executable"; includeInIndex = 0; path = homework1; sourceTree = BUILT_PRODUCTS_DIR; };
		C4B9CEF21BDD7CBB00938913 /* main.c */ = {isa = PBXFileReference; lastKnownFileType = sourcecode.c.c; path = main.c; sourceTree = "<group>"; };
/* End PBXFileReference section */

/* Begin PBXFrameworksBuildPhase section */
		C4B9CEEC1BDD7CBB00938913 /* Frameworks */ = {
			isa = PBXFrameworksBuildPhase;
			buildActionMask = 2147483647;
			files = (
			);
			runOnlyForDeploymentPostprocessing = 0;
		};
/* End PBXFrameworksBuildPhase section */

/* Begin PBXGroup section */
		C475665C1BDD8D3D004BC9AE /* lib */ = {
			isa = PBXGroup;
			children = (
				C475665E1BDD8D85004BC9AE /* unp.h */,
				C475665F1BDD8D85004BC9AE /* wrapsock.c */,
				C47566601BDD8D85004BC9AE /* wrapunix.c */,
				C47566641BDD8E33004BC9AE /* error.c */,
				C47566661BDD8E53004BC9AE /* written.c */,
			);
			path = lib;
			sourceTree = SOURCE_ROOT;
		};
		C4B9CEE61BDD7CBB00938913 = {
			isa = PBXGroup;
			children = (
				C475665C1BDD8D3D004BC9AE /* lib */,
				C4B9CEF11BDD7CBB00938913 /* homework1 */,
				C4B9CEF01BDD7CBB00938913 /* Products */,
			);
			sourceTree = "<group>";
		};
		C4B9CEF01BDD7CBB00938913 /* Products */ = {
			isa = PBXGroup;
			children = (
				C4B9CEEF1BDD7CBB00938913 /* homework1 */,
			);
			name = Products;
			sourceTree = "<group>";
		};
		C4B9CEF11BDD7CBB00938913 /* homework1 */ = {
			isa = PBXGroup;
			children = (
				C4B9CEF21BDD7CBB00938913 /* main.c */,
			);
			path = homework1;
			sourceTree = "<group>";
		};
/* End PBXGroup section */

/* Begin PBXNativeTarget section */
		C4B9CEEE1BDD7CBB00938913 /* homework1.cgi */ = {
			isa = PBXNativeTarget;
			buildConfigurationList = C4B9CEF61BDD7CBB00938913 /* Build configuration list for PBXNativeTarget "homework1.cgi" */;
			buildPhases = (
				C4B9CEEB1BDD7CBB00938913 /* Sources */,
				C4B9CEEC1BDD7CBB00938913 /* Frameworks */,
				C4B9CEED1BDD7CBB00938913 /* CopyFiles */,
			);
			buildRules = (
			);
			dependencies = (
			);
			name = homework1.cgi;
			productName = homework1;
			productReference = C4B9CEEF1BDD7CBB00938913 /* homework1 */;
			productType = "com.apple.product-type.tool";
		};
/* End PBXNativeTarget section */

/* Begin PBXProject section */
		C4B9CEE71BDD7CBB00938913 /* Project object */ = {
			isa = PBXProject;
			attributes = {
				LastUpgradeCheck = 0710;
				ORGANIZATIONNAME = "傑瑞";
				TargetAttributes = {
					C4B9CEEE1BDD7CBB00938913 = {
						CreatedOnToolsVersion = 7.1;
					};
				};
			};
			buildConfigurationList = C4B9CEEA1BDD7CBB00938913 /* Build configuration list for PBXProject "homework1" */;
			compatibilityVersion = "Xcode 3.2";
			developmentRegion = English;
			hasScannedForEncodings = 0;
			knownRegions = (
				en,
			);
			mainGroup = C4B9CEE61BDD7CBB00938913;
			productRefGroup = C4B9CEF01BDD7CBB00938913 /* Products */;
			projectDirPath = "";
			projectRoot = "";
			targets = (
				C4B9CEEE1BDD7CBB00938913 /* homework1.cgi */,
			);
		};
/* End PBXProject section */

/* Begin PBXSourcesBuildPhase section */
		C4B9CEEB1BDD7CBB00938913 /* Sources */ = {
			isa = PBXSourcesBuildPhase;
			buildActionMask = 2147483647;
			files = (
				C47566671BDD8E53004BC9AE /* written.c in Sources */,
				C47566631BDD8D85004BC9AE /* wrapunix.c in Sources */,
				C4B9CEF31BDD7CBB00938913 /* main.c in Sources */,
				C47566621BDD8D85004BC9AE /* wrapsock.c in Sources */,
				C47566651BDD8E33004BC9AE /* error.c in Sources */,
			);
			runOnlyForDeploymentPostprocessing = 0;
		};
/* End PBXSourcesBuildPhase section */

/* Begin XCBuildConfiguration section */
		C4B9CEF41BDD7CBB00938913 /* Debug */ = {
			isa = XCBuildConfiguration;
			buildSettings = {
				ALWAYS_SEARCH_USER_PATHS = NO;
				CLANG_CXX_LANGUAGE_STANDARD = "gnu++0x";
				CLANG_CXX_LIBRARY = "libc++";
				CLANG_ENABLE_MODULES = YES;
				CLANG_ENABLE_OBJC_ARC = YES;
				CLANG_WARN_BOOL_CONVERSION = YES;
				CLANG_WARN_CONSTANT_CONVERSION = YES;
				CLANG_WARN_DIRECT_OBJC_ISA_USAGE = YES_ERROR;
				CLANG_WARN_EMPTY_BODY = YES;
				CLANG_WARN_ENUM_CONVERSION = YES;
				CLANG_WARN_INT_CONVERSION = YES;
				CLANG_WARN_OBJC_ROOT_CLASS = YES_ERROR;
				CLANG_WARN_UNREACHABLE_CODE = YES;
				CLANG_WARN__DUPLICATE_METHOD_MATCH = YES;
				CODE_SIGN_IDENTITY = "-";
				COPY_PHASE_STRIP = NO;
				DEBUG_INFORMATION_FORMAT = dwarf;
				ENABLE_STRICT_OBJC_MSGSEND = YES;
				ENABLE_TESTABILITY = YES;
				GCC_C_LANGUAGE_STANDARD = gnu99;
				GCC_DYNAMIC_NO_PIC = NO;
				GCC_NO_COMMON_BLOCKS = YES;
				GCC_OPTIMIZATION_LEVEL = 0;
				GCC_PREPROCESSOR_DEFINITIONS = (
					"DEBUG=1",
					"$(inherited)",
				);
				GCC_WARN_64_TO_32_BIT_CONVERSION = YES;
				GCC_WARN_ABOUT_RETURN_TYPE = YES_ERROR;
				GCC_WARN_UNDECLARED_SELECTOR = YES;
				GCC_WARN_UNINITIALIZED_AUTOS = YES_AGGRESSIVE;
				GCC_WARN_UNUSED_FUNCTION = YES;
				GCC_WARN_UNUSED_VARIABLE = YES;
				MACOSX_DEPLOYMENT_TARGET = 10.10;
				MTL_ENABLE_DEBUG_INFO = YES;
				ONLY_ACTIVE_ARCH = YES;
				SDKROOT = macosx;
			};
			name = Debug;
		};
		C4B9CEF51BDD7CBB00938913 /* Release */ = {
			isa = XCBuildConfiguration;
			buildSettings = {
				ALWAYS_SEARCH_USER_PATHS = NO;
				CLANG_CXX_LANGUAGE_STANDARD = "gnu++0x";
				CLANG_CXX_LIBRARY = "libc++";
				CLANG_ENABLE_MODULES = YES;
				CLANG_ENABLE_OBJC_ARC = YES;
				CLANG_WARN_BOOL_CONVERSION = YES;
				CLANG_WARN_CONSTANT_CONVERSION = YES;
				CLANG_WARN_DIRECT_OBJC_ISA_USAGE = YES_ERROR;
				CLANG_WARN_EMPTY_BODY = YES;
				CLANG_WARN_ENUM_CONVERSION = YES;
				CLANG_WARN_INT_CONVERSION = YES;
				CLANG_WARN_OBJC_ROOT_CLASS = YES_ERROR;
				CLANG_WARN_UNREACHABLE_CODE = YES;
				CLANG_WARN__DUPLICATE_METHOD_MATCH = YES;
				CODE_SIGN_IDENTITY = "-";
				COPY_PHASE_STRIP = NO;
				DEBUG_INFORMATION_FORMAT = "dwarf-with-dsym";
				ENABLE_NS_ASSERTIONS = NO;
				ENABLE_STRICT_OBJC_MSGSEND = YES;
				GCC_C_LANGUAGE_STANDARD = gnu99;
				GCC_NO_COMMON_BLOCKS = YES;
				GCC_WARN_64_TO_32_BIT_CONVERSION = YES;
				GCC_WARN_ABOUT_RETURN_TYPE = YES_ERROR;
				GCC_WARN_UNDECLARED_SELECTOR = YES;
				GCC_WARN_UNINITIALIZED_AUTOS = YES_AGGRESSIVE;
				GCC_WARN_UNUSED_FUNCTION = YES;
				GCC_WARN_UNUSED_VARIABLE = YES;
				MACOSX_DEPLOYMENT_TARGET = 10.10;
				MTL_ENABLE_DEBUG_INFO = NO;
				SDKROOT = macosx;
			};
			name = Release;
		};
		C4B9CEF71BDD7CBB00938913 /* Debug */ = {
			isa = XCBuildConfiguration;
			buildSettings = {
				PRODUCT_NAME = "$(TARGET_NAME)";
			};
			name = Debug;
		};
		C4B9CEF81BDD7CBB00938913 /* Release */ = {
			isa = XCBuildConfiguration;
			buildSettings = {
				PRODUCT_NAME = "$(TARGET_NAME)";
			};
			name = Release;
		};
/* End XCBuildConfiguration section */

/* Begin XCConfigurationList section */
		C4B9CEEA1BDD7CBB00938913 /* Build configuration list for PBXProject "homework1" */ = {
			isa = XCConfigurationList;
			buildConfigurations = (
				C4B9CEF41BDD7CBB00938913 /* Debug */,
				C4B9CEF51BDD7CBB00938913 /* Release */,
			);
			defaultConfigurationIsVisible = 0;
			defaultConfigurationName = Release;
		};
		C4B9CEF61BDD7CBB00938913 /* Build configuration list for PBXNativeTarget "homework1.cgi" */ = {
			isa = XCConfigurationList;
			buildConfigurations = (
				C4B9CEF71BDD7CBB00938913 /* Debug */,
				C4B9CEF81BDD7CBB00938913 /* Release */,
			);
			defaultConfigurationIsVisible = 0;
			defaultConfigurationName = Release;
		};
/* End XCConfigurationList section */
	};
	rootObject = C4B9CEE71BDD7CBB00938913 /* Project object */;
}
